# THIS IS AN AUTOGENERATED FILE. DO NOT EDIT THIS FILE DIRECTLY.
# yarn lockfile v1


"@rnv/template-starter@0.37.0":
  version "0.37.0"
  resolved "https://registry.yarnpkg.com/@rnv/template-starter/-/template-starter-0.37.0.tgz#0bdeac546271600203ff424d235a2945e7ba1ccf"
  integrity sha512-mSLvUeyCILvpOMmygw+KAfNqaXrWzQSnFf0GUPWXpuoLmR7MNwjkX0XyOaIaD9DxCZpVOano5bHbn2N24WgCCA==
